
Microsoft Visual Studio Solution File, Format Version 12.00
# Visual Studio 14
VisualStudioVersion = 14.0.25420.1
MinimumVisualStudioVersion = 10.0.40219.1
Project("{FAE04EC0-301F-11D3-BF4B-00C04F79EFBC}") = "Landau.Blitz.Web", "Landau.Blitz.Web\Landau.Blitz.Web.csproj", "{163B1F0C-0BB8-4A24-80C2-0275268A2AB7}"
EndProject
Project("{FAE04EC0-301F-11D3-BF4B-00C04F79EFBC}") = "Landau.Blitz.QuickNode", "Landau.Blitz.QuickNode\Landau.Blitz.QuickNode.csproj", "{C5B39C85-685D-4163-9E60-E73A3AE73AF2}"
EndProject
Project("{FAE04EC0-301F-11D3-BF4B-00C04F79EFBC}") = "Landau.Blitz.TestConsole", "Landau.Blitz.TestConsole\Landau.Blitz.TestConsole.csproj", "{F2B2F0A9-1D3B-4184-8F67-FF9692FBE57B}"
EndProject
Project("{FAE04EC0-301F-11D3-BF4B-00C04F79EFBC}") = "Landau.Blitz.Api", "Landau.Blitz.Api\Landau.Blitz.Api.csproj", "{1C2D10A6-0B33-4321-B73F-AD5F5FA6E8DD}"
EndProject
Project("{FAE04EC0-301F-11D3-BF4B-00C04F79EFBC}") = "Landau.Blitz.Exporter", "Landau.Blitz.Exporter\Landau.Blitz.Exporter.csproj", "{17851B9E-2D52-4ED0-BDBE-F70B7AAEA0B4}"
EndProject
Project("{FAE04EC0-301F-11D3-BF4B-00C04F79EFBC}") = "Landau.Blitz.TestExporter", "Landau.Blitz.TestExporter\Landau.Blitz.TestExporter.csproj", "{F344F763-5D59-4DE4-A7B9-78A57C38EA98}"
EndProject
Project("{FAE04EC0-301F-11D3-BF4B-00C04F79EFBC}") = "Landau.Blitz.ReportGenerator", "Landau.Blitz.ReportGenerator\Landau.Blitz.ReportGenerator.csproj", "{E3CA2CED-6AC1-4E13-942A-DBF2CCF60B79}"
EndProject
Global
	GlobalSection(SolutionConfigurationPlatforms) = preSolution
		Debug|Any CPU = Debug|Any CPU
		Release|Any CPU = Release|Any CPU
	EndGlobalSection
	GlobalSection(ProjectConfigurationPlatforms) = postSolution
		{163B1F0C-0BB8-4A24-80C2-0275268A2AB7}.Debug|Any CPU.ActiveCfg = Debug|Any CPU
		{163B1F0C-0BB8-4A24-80C2-0275268A2AB7}.Debug|Any CPU.Build.0 = Debug|Any CPU
		{163B1F0C-0BB8-4A24-80C2-0275268A2AB7}.Release|Any CPU.ActiveCfg = Release|Any CPU
		{163B1F0C-0BB8-4A24-80C2-0275268A2AB7}.Release|Any CPU.Build.0 = Release|Any CPU
		{C5B39C85-685D-4163-9E60-E73A3AE73AF2}.Debug|Any CPU.ActiveCfg = Debug|Any CPU
		{C5B39C85-685D-4163-9E60-E73A3AE73AF2}.Debug|Any CPU.Build.0 = Debug|Any CPU
		{C5B39C85-685D-4163-9E60-E73A3AE73AF2}.Release|Any CPU.ActiveCfg = Release|Any CPU
		{C5B39C85-685D-4163-9E60-E73A3AE73AF2}.Release|Any CPU.Build.0 = Release|Any CPU
		{F2B2F0A9-1D3B-4184-8F67-FF9692FBE57B}.Debug|Any CPU.ActiveCfg = Debug|Any CPU
		{F2B2F0A9-1D3B-4184-8F67-FF9692FBE57B}.Debug|Any CPU.Build.0 = Debug|Any CPU
		{F2B2F0A9-1D3B-4184-8F67-FF9692FBE57B}.Release|Any CPU.ActiveCfg = Release|Any CPU
		{F2B2F0A9-1D3B-4184-8F67-FF9692FBE57B}.Release|Any CPU.Build.0 = Release|Any CPU
		{1C2D10A6-0B33-4321-B73F-AD5F5FA6E8DD}.Debug|Any CPU.ActiveCfg = Debug|Any CPU
		{1C2D10A6-0B33-4321-B73F-AD5F5FA6E8DD}.Debug|Any CPU.Build.0 = Debug|Any CPU
		{1C2D10A6-0B33-4321-B73F-AD5F5FA6E8DD}.Release|Any CPU.ActiveCfg = Release|Any CPU
		{1C2D10A6-0B33-4321-B73F-AD5F5FA6E8DD}.Release|Any CPU.Build.0 = Release|Any CPU
		{17851B9E-2D52-4ED0-BDBE-F70B7AAEA0B4}.Debug|Any CPU.ActiveCfg = Debug|Any CPU
		{17851B9E-2D52-4ED0-BDBE-F70B7AAEA0B4}.Debug|Any CPU.Build.0 = Debug|Any CPU
		{17851B9E-2D52-4ED0-BDBE-F70B7AAEA0B4}.Release|Any CPU.ActiveCfg = Release|Any CPU
		{17851B9E-2D52-4ED0-BDBE-F70B7AAEA0B4}.Release|Any CPU.Build.0 = Release|Any CPU
		{F344F763-5D59-4DE4-A7B9-78A57C38EA98}.Debug|Any CPU.ActiveCfg = Debug|Any CPU
		{F344F763-5D59-4DE4-A7B9-78A57C38EA98}.Debug|Any CPU.Build.0 = Debug|Any CPU
		{F344F763-5D59-4DE4-A7B9-78A57C38EA98}.Release|Any CPU.ActiveCfg = Release|Any CPU
		{F344F763-5D59-4DE4-A7B9-78A57C38EA98}.Release|Any CPU.Build.0 = Release|Any CPU
		{E3CA2CED-6AC1-4E13-942A-DBF2CCF60B79}.Debug|Any CPU.ActiveCfg = Debug|Any CPU
		{E3CA2CED-6AC1-4E13-942A-DBF2CCF60B79}.Debug|Any CPU.Build.0 = Debug|Any CPU
		{E3CA2CED-6AC1-4E13-942A-DBF2CCF60B79}.Release|Any CPU.ActiveCfg = Release|Any CPU
		{E3CA2CED-6AC1-4E13-942A-DBF2CCF60B79}.Release|Any CPU.Build.0 = Release|Any CPU
	EndGlobalSection
	GlobalSection(SolutionProperties) = preSolution
		HideSolutionNode = FALSE
	EndGlobalSection
EndGlobal
